
Microsoft Visual Studio Solution File, Format Version 12.00
# Visual Studio Version 17
VisualStudioVersion = 17.0.32014.148
MinimumVisualStudioVersion = 10.0.40219.1
Project("{FAE04EC0-301F-11D3-BF4B-00C04F79EFBC}") = "Invoice", "Invoice\Invoice.csproj", "{DFED7BD8-E4AE-42D5-8571-E2E80E72980A}"
EndProject
Global
	GlobalSection(SolutionConfigurationPlatforms) = preSolution
		Debug|Any CPU = Debug|Any CPU
		Release|Any CPU = Release|Any CPU
	EndGlobalSection
	GlobalSection(ProjectConfigurationPlatforms) = postSolution
		{DFED7BD8-E4AE-42D5-8571-E2E80E72980A}.Debug|Any CPU.ActiveCfg = Debug|Any CPU
		{DFED7BD8-E4AE-42D5-8571-E2E80E72980A}.Debug|Any CPU.Build.0 = Debug|Any CPU
		{DFED7BD8-E4AE-42D5-8571-E2E80E72980A}.Release|Any CPU.ActiveCfg = Release|Any CPU
		{DFED7BD8-E4AE-42D5-8571-E2E80E72980A}.Release|Any CPU.Build.0 = Release|Any CPU
	EndGlobalSection
	GlobalSection(SolutionProperties) = preSolution
		HideSolutionNode = FALSE
	EndGlobalSection
	GlobalSection(ExtensibilityGlobals) = postSolution
		SolutionGuid = {54D5C3F0-2D76-4BAD-AEDC-901F7B1BDF81}
	EndGlobalSection
EndGlobal
